
Microsoft Visual Studio Solution File, Format Version 12.00
# Visual Studio Version 16
VisualStudioVersion = 16.0.30711.63
MinimumVisualStudioVersion = 10.0.40219.1
Project("{FAE04EC0-301F-11D3-BF4B-00C04F79EFBC}") = "tottal salles", "tottal salles\tottal salles.csproj", "{9F2839BC-93F4-4145-A908-AC66B83967FC}"
EndProject
Global
	GlobalSection(SolutionConfigurationPlatforms) = preSolution
		Debug|Any CPU = Debug|Any CPU
		Release|Any CPU = Release|Any CPU
	EndGlobalSection
	GlobalSection(ProjectConfigurationPlatforms) = postSolution
		{9F2839BC-93F4-4145-A908-AC66B83967FC}.Debug|Any CPU.ActiveCfg = Debug|Any CPU
		{9F2839BC-93F4-4145-A908-AC66B83967FC}.Debug|Any CPU.Build.0 = Debug|Any CPU
		{9F2839BC-93F4-4145-A908-AC66B83967FC}.Release|Any CPU.ActiveCfg = Release|Any CPU
		{9F2839BC-93F4-4145-A908-AC66B83967FC}.Release|Any CPU.Build.0 = Release|Any CPU
	EndGlobalSection
	GlobalSection(SolutionProperties) = preSolution
		HideSolutionNode = FALSE
	EndGlobalSection
	GlobalSection(ExtensibilityGlobals) = postSolution
		SolutionGuid = {F759739D-4D1F-4CF3-8BD4-4D369573B739}
	EndGlobalSection
EndGlobal
